github.com/bhmj/jsonslice v1.1.2 h1:Lzen2S9iG3HsESpiIAnTM7Obs1QiTz83ZXa5YrpTTWI=
github.com/bhmj/jsonslice v1.1.2/go.mod h1:O3ZoA0zdEefdbk1dkU5aWPOA36zQhhS/HV6RQFLTlnU=
github.com/bhmj/xpression v0.9.1 h1:N7bX/nWx9oFi/zsiMTx2ehoRApTDAWdQadq/5o2wMGk=
github.com/bhmj/xpression v0.9.1/go.mod h1:j9oYmEXJjeL9mrgW1+ZDBKJXnbupsCPGhlO9J5YhS1Q=
